
Microsoft Visual Studio Solution File, Format Version 12.00
# Visual Studio Version 16
VisualStudioVersion = 16.0.31424.327
MinimumVisualStudioVersion = 10.0.40219.1
Project("{FAE04EC0-301F-11D3-BF4B-00C04F79EFBC}") = "api_video_juegos", "api_video_juegos\api_video_juegos.csproj", "{2537A09E-319F-4107-A6A0-0EE6342367C2}"
EndProject
Project("{FAE04EC0-301F-11D3-BF4B-00C04F79EFBC}") = "web_video_juegos", "web_video_juegos\web_video_juegos.csproj", "{8C2CA506-D322-4CE8-86C6-8DCE763886F9}"
EndProject
Global
	GlobalSection(SolutionConfigurationPlatforms) = preSolution
		Debug|Any CPU = Debug|Any CPU
		Release|Any CPU = Release|Any CPU
	EndGlobalSection
	GlobalSection(ProjectConfigurationPlatforms) = postSolution
		{2537A09E-319F-4107-A6A0-0EE6342367C2}.Debug|Any CPU.ActiveCfg = Debug|Any CPU
		{2537A09E-319F-4107-A6A0-0EE6342367C2}.Debug|Any CPU.Build.0 = Debug|Any CPU
		{2537A09E-319F-4107-A6A0-0EE6342367C2}.Release|Any CPU.ActiveCfg = Release|Any CPU
		{2537A09E-319F-4107-A6A0-0EE6342367C2}.Release|Any CPU.Build.0 = Release|Any CPU
		{8C2CA506-D322-4CE8-86C6-8DCE763886F9}.Debug|Any CPU.ActiveCfg = Debug|Any CPU
		{8C2CA506-D322-4CE8-86C6-8DCE763886F9}.Debug|Any CPU.Build.0 = Debug|Any CPU
		{8C2CA506-D322-4CE8-86C6-8DCE763886F9}.Release|Any CPU.ActiveCfg = Release|Any CPU
		{8C2CA506-D322-4CE8-86C6-8DCE763886F9}.Release|Any CPU.Build.0 = Release|Any CPU
	EndGlobalSection
	GlobalSection(SolutionProperties) = preSolution
		HideSolutionNode = FALSE
	EndGlobalSection
	GlobalSection(ExtensibilityGlobals) = postSolution
		SolutionGuid = {AE716D8E-94C7-48B1-A3C7-9591521F87FD}
	EndGlobalSection
EndGlobal
